
Microsoft Visual Studio Solution File, Format Version 12.00
# Visual Studio 14
VisualStudioVersion = 14.0.25420.1
MinimumVisualStudioVersion = 10.0.40219.1
Project("{FAE04EC0-301F-11D3-BF4B-00C04F79EFBC}") = "Hyperion.Core", "Hyperion.Core\Hyperion.Core.csproj", "{885B9039-B005-4C46-BF63-67968EE861E1}"
EndProject
Project("{FAE04EC0-301F-11D3-BF4B-00C04F79EFBC}") = "Hyperion.Caller", "Hyperion.Caller\Hyperion.Caller.csproj", "{5B4827C2-B993-4409-BA87-1473F61616F8}"
EndProject
Project("{FAE04EC0-301F-11D3-BF4B-00C04F79EFBC}") = "Hyperion.WebAPI", "Hyperion.WebAPI\Hyperion.WebAPI.csproj", "{C6DC7ED3-1198-485A-9097-5FFC3C8E2EC5}"
EndProject
Project("{FAE04EC0-301F-11D3-BF4B-00C04F79EFBC}") = "Hyperion.UnitTest", "Hyperion.UnitTest\Hyperion.UnitTest.csproj", "{BA8BBF55-0D91-4A4C-A35F-DDB90B8E4E72}"
EndProject
Project("{FAE04EC0-301F-11D3-BF4B-00C04F79EFBC}") = "Hyperion.ControlClient", "Hyperion.ControlClient\Hyperion.ControlClient.csproj", "{C64DD946-9D65-44F0-89D2-E4730096C972}"
EndProject
Project("{FAE04EC0-301F-11D3-BF4B-00C04F79EFBC}") = "Hyperion.BizAdapter", "Hyperion.BizAdapter\Hyperion.BizAdapter.csproj", "{0CAD252A-F181-493F-BE13-03774BEC8BB1}"
EndProject
Global
	GlobalSection(SolutionConfigurationPlatforms) = preSolution
		Debug|Any CPU = Debug|Any CPU
		Release|Any CPU = Release|Any CPU
	EndGlobalSection
	GlobalSection(ProjectConfigurationPlatforms) = postSolution
		{885B9039-B005-4C46-BF63-67968EE861E1}.Debug|Any CPU.ActiveCfg = Debug|Any CPU
		{885B9039-B005-4C46-BF63-67968EE861E1}.Debug|Any CPU.Build.0 = Debug|Any CPU
		{885B9039-B005-4C46-BF63-67968EE861E1}.Release|Any CPU.ActiveCfg = Release|Any CPU
		{885B9039-B005-4C46-BF63-67968EE861E1}.Release|Any CPU.Build.0 = Release|Any CPU
		{5B4827C2-B993-4409-BA87-1473F61616F8}.Debug|Any CPU.ActiveCfg = Debug|Any CPU
		{5B4827C2-B993-4409-BA87-1473F61616F8}.Debug|Any CPU.Build.0 = Debug|Any CPU
		{5B4827C2-B993-4409-BA87-1473F61616F8}.Release|Any CPU.ActiveCfg = Release|Any CPU
		{5B4827C2-B993-4409-BA87-1473F61616F8}.Release|Any CPU.Build.0 = Release|Any CPU
		{C6DC7ED3-1198-485A-9097-5FFC3C8E2EC5}.Debug|Any CPU.ActiveCfg = Debug|Any CPU
		{C6DC7ED3-1198-485A-9097-5FFC3C8E2EC5}.Debug|Any CPU.Build.0 = Debug|Any CPU
		{C6DC7ED3-1198-485A-9097-5FFC3C8E2EC5}.Release|Any CPU.ActiveCfg = Release|Any CPU
		{C6DC7ED3-1198-485A-9097-5FFC3C8E2EC5}.Release|Any CPU.Build.0 = Release|Any CPU
		{BA8BBF55-0D91-4A4C-A35F-DDB90B8E4E72}.Debug|Any CPU.ActiveCfg = Debug|Any CPU
		{BA8BBF55-0D91-4A4C-A35F-DDB90B8E4E72}.Debug|Any CPU.Build.0 = Debug|Any CPU
		{BA8BBF55-0D91-4A4C-A35F-DDB90B8E4E72}.Release|Any CPU.ActiveCfg = Release|Any CPU
		{BA8BBF55-0D91-4A4C-A35F-DDB90B8E4E72}.Release|Any CPU.Build.0 = Release|Any CPU
		{C64DD946-9D65-44F0-89D2-E4730096C972}.Debug|Any CPU.ActiveCfg = Debug|Any CPU
		{C64DD946-9D65-44F0-89D2-E4730096C972}.Debug|Any CPU.Build.0 = Debug|Any CPU
		{C64DD946-9D65-44F0-89D2-E4730096C972}.Release|Any CPU.ActiveCfg = Release|Any CPU
		{C64DD946-9D65-44F0-89D2-E4730096C972}.Release|Any CPU.Build.0 = Release|Any CPU
		{0CAD252A-F181-493F-BE13-03774BEC8BB1}.Debug|Any CPU.ActiveCfg = Debug|Any CPU
		{0CAD252A-F181-493F-BE13-03774BEC8BB1}.Debug|Any CPU.Build.0 = Debug|Any CPU
		{0CAD252A-F181-493F-BE13-03774BEC8BB1}.Release|Any CPU.ActiveCfg = Release|Any CPU
		{0CAD252A-F181-493F-BE13-03774BEC8BB1}.Release|Any CPU.Build.0 = Release|Any CPU
	EndGlobalSection
	GlobalSection(SolutionProperties) = preSolution
		HideSolutionNode = FALSE
	EndGlobalSection
EndGlobal
